
Microsoft Visual Studio Solution File, Format Version 12.00
# Visual Studio 2013
VisualStudioVersion = 12.0.21005.1
MinimumVisualStudioVersion = 10.0.40219.1
Project("{8BC9CEB8-8B4A-11D0-8D11-00A0C91BC942}") = "ProthesisBuilder", "ProthesisBuilder\ProthesisBuilder.vcxproj", "{044A558C-5D5C-48EA-884D-B0E8AAE83BD4}"
EndProject
Project("{2150E333-8FDC-42A3-9474-1A3956D46DE8}") = "Solution Items", "Solution Items", "{0A7E2EFB-7D1D-4A1F-B890-5B0624E46598}"
EndProject
Global
	GlobalSection(SolutionConfigurationPlatforms) = preSolution
		Debug|Win32 = Debug|Win32
		Release|Win32 = Release|Win32
	EndGlobalSection
	GlobalSection(ProjectConfigurationPlatforms) = postSolution
		{044A558C-5D5C-48EA-884D-B0E8AAE83BD4}.Debug|Win32.ActiveCfg = Debug|Win32
		{044A558C-5D5C-48EA-884D-B0E8AAE83BD4}.Debug|Win32.Build.0 = Debug|Win32
		{044A558C-5D5C-48EA-884D-B0E8AAE83BD4}.Release|Win32.ActiveCfg = Release|Win32
		{044A558C-5D5C-48EA-884D-B0E8AAE83BD4}.Release|Win32.Build.0 = Release|Win32
	EndGlobalSection
	GlobalSection(SolutionProperties) = preSolution
		HideSolutionNode = FALSE
	EndGlobalSection
	GlobalSection(Performance) = preSolution
		HasPerformanceSessions = true
	EndGlobalSection
EndGlobal
